
Microsoft Visual Studio Solution File, Format Version 12.00
# Visual Studio 15
VisualStudioVersion = 15.0.28010.2016
MinimumVisualStudioVersion = 10.0.40219.1
Project("{FAE04EC0-301F-11D3-BF4B-00C04F79EFBC}") = "Safester.Android", "Safester\Safester.Android\Safester.Android.csproj", "{24CE3C36-16B9-426D-AA0C-5961ECF8D88C}"
EndProject
Project("{FAE04EC0-301F-11D3-BF4B-00C04F79EFBC}") = "Safester.iOS", "Safester\Safester.iOS\Safester.iOS.csproj", "{A46A85F5-1E09-4A7C-A704-E14BA8ACC644}"
EndProject
Project("{FAE04EC0-301F-11D3-BF4B-00C04F79EFBC}") = "Safester", "Safester\Safester\Safester.csproj", "{06E99FD3-923B-467F-9D6B-8A77AFF90970}"
EndProject
Global
	GlobalSection(SolutionConfigurationPlatforms) = preSolution
		Debug|Any CPU = Debug|Any CPU
		Debug|iPhone = Debug|iPhone
		Debug|iPhoneSimulator = Debug|iPhoneSimulator
		Release|Any CPU = Release|Any CPU
		Release|iPhone = Release|iPhone
		Release|iPhoneSimulator = Release|iPhoneSimulator
	EndGlobalSection
	GlobalSection(ProjectConfigurationPlatforms) = postSolution
		{24CE3C36-16B9-426D-AA0C-5961ECF8D88C}.Debug|Any CPU.ActiveCfg = Debug|Any CPU
		{24CE3C36-16B9-426D-AA0C-5961ECF8D88C}.Debug|Any CPU.Build.0 = Debug|Any CPU
		{24CE3C36-16B9-426D-AA0C-5961ECF8D88C}.Debug|Any CPU.Deploy.0 = Debug|Any CPU
		{24CE3C36-16B9-426D-AA0C-5961ECF8D88C}.Debug|iPhone.ActiveCfg = Debug|Any CPU
		{24CE3C36-16B9-426D-AA0C-5961ECF8D88C}.Debug|iPhone.Build.0 = Debug|Any CPU
		{24CE3C36-16B9-426D-AA0C-5961ECF8D88C}.Debug|iPhone.Deploy.0 = Debug|Any CPU
		{24CE3C36-16B9-426D-AA0C-5961ECF8D88C}.Debug|iPhoneSimulator.ActiveCfg = Debug|Any CPU
		{24CE3C36-16B9-426D-AA0C-5961ECF8D88C}.Debug|iPhoneSimulator.Build.0 = Debug|Any CPU
		{24CE3C36-16B9-426D-AA0C-5961ECF8D88C}.Debug|iPhoneSimulator.Deploy.0 = Debug|Any CPU
		{24CE3C36-16B9-426D-AA0C-5961ECF8D88C}.Release|Any CPU.ActiveCfg = Release|Any CPU
		{24CE3C36-16B9-426D-AA0C-5961ECF8D88C}.Release|Any CPU.Build.0 = Release|Any CPU
		{24CE3C36-16B9-426D-AA0C-5961ECF8D88C}.Release|Any CPU.Deploy.0 = Release|Any CPU
		{24CE3C36-16B9-426D-AA0C-5961ECF8D88C}.Release|iPhone.ActiveCfg = Release|Any CPU
		{24CE3C36-16B9-426D-AA0C-5961ECF8D88C}.Release|iPhone.Build.0 = Release|Any CPU
		{24CE3C36-16B9-426D-AA0C-5961ECF8D88C}.Release|iPhone.Deploy.0 = Release|Any CPU
		{24CE3C36-16B9-426D-AA0C-5961ECF8D88C}.Release|iPhoneSimulator.ActiveCfg = Release|Any CPU
		{24CE3C36-16B9-426D-AA0C-5961ECF8D88C}.Release|iPhoneSimulator.Build.0 = Release|Any CPU
		{24CE3C36-16B9-426D-AA0C-5961ECF8D88C}.Release|iPhoneSimulator.Deploy.0 = Release|Any CPU
		{A46A85F5-1E09-4A7C-A704-E14BA8ACC644}.Debug|Any CPU.ActiveCfg = Debug|iPhoneSimulator
		{A46A85F5-1E09-4A7C-A704-E14BA8ACC644}.Debug|Any CPU.Build.0 = Debug|iPhoneSimulator
		{A46A85F5-1E09-4A7C-A704-E14BA8ACC644}.Debug|Any CPU.Deploy.0 = Debug|iPhoneSimulator
		{A46A85F5-1E09-4A7C-A704-E14BA8ACC644}.Debug|iPhone.ActiveCfg = Debug|iPhone
		{A46A85F5-1E09-4A7C-A704-E14BA8ACC644}.Debug|iPhone.Build.0 = Debug|iPhone
		{A46A85F5-1E09-4A7C-A704-E14BA8ACC644}.Debug|iPhone.Deploy.0 = Debug|iPhone
		{A46A85F5-1E09-4A7C-A704-E14BA8ACC644}.Debug|iPhoneSimulator.ActiveCfg = Debug|iPhoneSimulator
		{A46A85F5-1E09-4A7C-A704-E14BA8ACC644}.Debug|iPhoneSimulator.Build.0 = Debug|iPhoneSimulator
		{A46A85F5-1E09-4A7C-A704-E14BA8ACC644}.Debug|iPhoneSimulator.Deploy.0 = Debug|iPhoneSimulator
		{A46A85F5-1E09-4A7C-A704-E14BA8ACC644}.Release|Any CPU.ActiveCfg = Release|iPhone
		{A46A85F5-1E09-4A7C-A704-E14BA8ACC644}.Release|Any CPU.Build.0 = Release|iPhone
		{A46A85F5-1E09-4A7C-A704-E14BA8ACC644}.Release|Any CPU.Deploy.0 = Release|iPhone
		{A46A85F5-1E09-4A7C-A704-E14BA8ACC644}.Release|iPhone.ActiveCfg = Release|iPhone
		{A46A85F5-1E09-4A7C-A704-E14BA8ACC644}.Release|iPhone.Build.0 = Release|iPhone
		{A46A85F5-1E09-4A7C-A704-E14BA8ACC644}.Release|iPhone.Deploy.0 = Release|iPhone
		{A46A85F5-1E09-4A7C-A704-E14BA8ACC644}.Release|iPhoneSimulator.ActiveCfg = Release|iPhoneSimulator
		{A46A85F5-1E09-4A7C-A704-E14BA8ACC644}.Release|iPhoneSimulator.Build.0 = Release|iPhoneSimulator
		{A46A85F5-1E09-4A7C-A704-E14BA8ACC644}.Release|iPhoneSimulator.Deploy.0 = Release|iPhoneSimulator
		{06E99FD3-923B-467F-9D6B-8A77AFF90970}.Debug|Any CPU.ActiveCfg = Debug|Any CPU
		{06E99FD3-923B-467F-9D6B-8A77AFF90970}.Debug|Any CPU.Build.0 = Debug|Any CPU
		{06E99FD3-923B-467F-9D6B-8A77AFF90970}.Debug|Any CPU.Deploy.0 = Debug|Any CPU
		{06E99FD3-923B-467F-9D6B-8A77AFF90970}.Debug|iPhone.ActiveCfg = Debug|Any CPU
		{06E99FD3-923B-467F-9D6B-8A77AFF90970}.Debug|iPhone.Build.0 = Debug|Any CPU
		{06E99FD3-923B-467F-9D6B-8A77AFF90970}.Debug|iPhone.Deploy.0 = Debug|Any CPU
		{06E99FD3-923B-467F-9D6B-8A77AFF90970}.Debug|iPhoneSimulator.ActiveCfg = Debug|Any CPU
		{06E99FD3-923B-467F-9D6B-8A77AFF90970}.Debug|iPhoneSimulator.Build.0 = Debug|Any CPU
		{06E99FD3-923B-467F-9D6B-8A77AFF90970}.Debug|iPhoneSimulator.Deploy.0 = Debug|Any CPU
		{06E99FD3-923B-467F-9D6B-8A77AFF90970}.Release|Any CPU.ActiveCfg = Release|Any CPU
		{06E99FD3-923B-467F-9D6B-8A77AFF90970}.Release|Any CPU.Build.0 = Release|Any CPU
		{06E99FD3-923B-467F-9D6B-8A77AFF90970}.Release|Any CPU.Deploy.0 = Release|Any CPU
		{06E99FD3-923B-467F-9D6B-8A77AFF90970}.Release|iPhone.ActiveCfg = Release|Any CPU
		{06E99FD3-923B-467F-9D6B-8A77AFF90970}.Release|iPhone.Build.0 = Release|Any CPU
		{06E99FD3-923B-467F-9D6B-8A77AFF90970}.Release|iPhone.Deploy.0 = Release|Any CPU
		{06E99FD3-923B-467F-9D6B-8A77AFF90970}.Release|iPhoneSimulator.ActiveCfg = Release|Any CPU
		{06E99FD3-923B-467F-9D6B-8A77AFF90970}.Release|iPhoneSimulator.Build.0 = Release|Any CPU
		{06E99FD3-923B-467F-9D6B-8A77AFF90970}.Release|iPhoneSimulator.Deploy.0 = Release|Any CPU
	EndGlobalSection
	GlobalSection(SolutionProperties) = preSolution
		HideSolutionNode = FALSE
	EndGlobalSection
	GlobalSection(ExtensibilityGlobals) = postSolution
		SolutionGuid = {5C4D62C8-016A-4B5D-B02D-1B5CF2DF1F51}
	EndGlobalSection
EndGlobal
